
Microsoft Visual Studio Solution File, Format Version 12.00
# Visual Studio Version 17
VisualStudioVersion = 17.2.32602.215
MinimumVisualStudioVersion = 10.0.40219.1
Project("{9A19103F-16F7-4668-BE54-9A1E7A4F7556}") = "EpDeviceManagement", "EpDeviceManagement\EpDeviceManagement.csproj", "{13A330CE-9D12-4A8F-932F-EC01AA346AE5}"
EndProject
Project("{9A19103F-16F7-4668-BE54-9A1E7A4F7556}") = "EpDeviceManagement.Simulation.Storage", "EpDeviceManagement.Simulation.Storage\EpDeviceManagement.Simulation.Storage.csproj", "{D60346D2-153E-4781-AD7C-CDA554E55345}"
EndProject
Project("{9A19103F-16F7-4668-BE54-9A1E7A4F7556}") = "EpDeviceManagement.Simulation.Heating", "EpDeviceManagement.Simulation.Heating\EpDeviceManagement.Simulation.Heating.csproj", "{0C91F924-6EA2-42B5-B8F1-9B0271F69F86}"
EndProject
Project("{2150E333-8FDC-42A3-9474-1A3956D46DE8}") = "Tests", "Tests", "{FB185AFB-3991-43C8-B87E-0EE69CE5EFC7}"
EndProject
Project("{9A19103F-16F7-4668-BE54-9A1E7A4F7556}") = "EpDeviceManagement.Simulation.Storage.Tests", "Tests\EpDeviceManagement.Simulation.Storage.Tests\EpDeviceManagement.Simulation.Storage.Tests.csproj", "{5790C1A1-E581-4B05-A547-04BFB8227DAA}"
EndProject
Project("{9A19103F-16F7-4668-BE54-9A1E7A4F7556}") = "EpDeviceManagement.Simulation.Heating.Tests", "Tests\EpDeviceManagement.Simulation.Heating.Tests\EpDeviceManagement.Simulation.Heating.Tests.csproj", "{57B69EF4-5D37-4A6D-AA41-068CA48A1A29}"
EndProject
Project("{9A19103F-16F7-4668-BE54-9A1E7A4F7556}") = "EpDeviceManagement.Control", "EpDeviceManagement.Control\EpDeviceManagement.Control.csproj", "{1A47BFE6-2026-40F7-9375-93C2F73B30C3}"
EndProject
Project("{9A19103F-16F7-4668-BE54-9A1E7A4F7556}") = "EpDeviceManagement.Windows", "EpDeviceManagement.Windows\EpDeviceManagement.Windows.csproj", "{995B45FE-904E-45BE-95EB-78B0B5BA5C7C}"
EndProject
Project("{9A19103F-16F7-4668-BE54-9A1E7A4F7556}") = "LpSolverBuilder", "LpSolverBuilder\LpSolverBuilder.csproj", "{8CFF025A-1229-471A-8C8C-8CCC3B151014}"
EndProject
Project("{9A19103F-16F7-4668-BE54-9A1E7A4F7556}") = "MpcForBuildings", "MpcForBuildings\MpcForBuildings.csproj", "{F1806C3A-A167-40CA-A9D5-A6EF91CFB2EB}"
EndProject
Project("{9A19103F-16F7-4668-BE54-9A1E7A4F7556}") = "EpDeviceManagement.Data", "EpDeviceManagement.Data\EpDeviceManagement.Data.csproj", "{D2D6D1F5-E1BE-40D6-A7EF-E9FC364D6587}"
EndProject
Project("{9A19103F-16F7-4668-BE54-9A1E7A4F7556}") = "EpDeviceManagement.Data.Generation", "EpDeviceManagement.Data.Generation\EpDeviceManagement.Data.Generation.csproj", "{D5CEBC6B-F1AF-4D80-ADF3-FEFF574CDA6C}"
EndProject
Project("{9A19103F-16F7-4668-BE54-9A1E7A4F7556}") = "EpDeviceManagement.Data.Generation.Abstractions", "EpDeviceManagement.Data.Generation.Abstractions\EpDeviceManagement.Data.Generation.Abstractions.csproj", "{1B564F94-2216-4010-8CB7-98B47AB8379D}"
EndProject
Project("{FAE04EC0-301F-11D3-BF4B-00C04F79EFBC}") = "EpDeviceManagement.Linux", "EpDeviceManagement.Linux\EpDeviceManagement.Linux.csproj", "{0A405468-D2F9-4519-86D0-62359991EF0C}"
EndProject
Project("{9A19103F-16F7-4668-BE54-9A1E7A4F7556}") = "EpDeviceManagementSharp.Formulation", "EpDeviceManagementSharp.Formulation\EpDeviceManagementSharp.Formulation.csproj", "{7A4323FF-BBA2-4930-8965-38848E0F6047}"
EndProject
Project("{9A19103F-16F7-4668-BE54-9A1E7A4F7556}") = "EpDeviceManagement.Simulation", "EpDeviceManagement.Simulation\EpDeviceManagement.Simulation.csproj", "{CFD4BCFF-47D1-41C2-929D-A71DCAE074E6}"
EndProject
Project("{9A19103F-16F7-4668-BE54-9A1E7A4F7556}") = "EpDeviceManagement.Simulation.Tests", "EpDeviceManagement.Simulation.Tests\EpDeviceManagement.Simulation.Tests.csproj", "{1BD6134E-4451-4018-AAF3-D66D8BDE9183}"
EndProject
Project("{9A19103F-16F7-4668-BE54-9A1E7A4F7556}") = "EpDeviceManagement.Prediction", "EpDeviceManagement.Prediction\EpDeviceManagement.Prediction.csproj", "{21654894-D52B-4331-9374-37A1EC126044}"
EndProject
Project("{9A19103F-16F7-4668-BE54-9A1E7A4F7556}") = "EpDeviceManagement.UnitsExtensions", "EpDeviceManagement.UnitsExtensions\EpDeviceManagement.UnitsExtensions.csproj", "{BF47EBCD-CFBA-4DDF-8AF2-D52CD9EF34A8}"
EndProject
Project("{9A19103F-16F7-4668-BE54-9A1E7A4F7556}") = "DataAnalyzer", "DataAnalyzer\DataAnalyzer.csproj", "{2B3E2AF9-752F-469C-8A42-0DC1D7F1B6B3}"
EndProject
Global
	GlobalSection(SolutionConfigurationPlatforms) = preSolution
		Debug|Any CPU = Debug|Any CPU
		Release_Experimental|Any CPU = Release_Experimental|Any CPU
		Release|Any CPU = Release|Any CPU
	EndGlobalSection
	GlobalSection(ProjectConfigurationPlatforms) = postSolution
		{13A330CE-9D12-4A8F-932F-EC01AA346AE5}.Debug|Any CPU.ActiveCfg = Debug|Any CPU
		{13A330CE-9D12-4A8F-932F-EC01AA346AE5}.Debug|Any CPU.Build.0 = Debug|Any CPU
		{13A330CE-9D12-4A8F-932F-EC01AA346AE5}.Release_Experimental|Any CPU.ActiveCfg = Release_Experimental|Any CPU
		{13A330CE-9D12-4A8F-932F-EC01AA346AE5}.Release_Experimental|Any CPU.Build.0 = Release_Experimental|Any CPU
		{13A330CE-9D12-4A8F-932F-EC01AA346AE5}.Release|Any CPU.ActiveCfg = Release|Any CPU
		{13A330CE-9D12-4A8F-932F-EC01AA346AE5}.Release|Any CPU.Build.0 = Release|Any CPU
		{D60346D2-153E-4781-AD7C-CDA554E55345}.Debug|Any CPU.ActiveCfg = Debug|Any CPU
		{D60346D2-153E-4781-AD7C-CDA554E55345}.Debug|Any CPU.Build.0 = Debug|Any CPU
		{D60346D2-153E-4781-AD7C-CDA554E55345}.Release_Experimental|Any CPU.ActiveCfg = Release_Experimental|Any CPU
		{D60346D2-153E-4781-AD7C-CDA554E55345}.Release_Experimental|Any CPU.Build.0 = Release_Experimental|Any CPU
		{D60346D2-153E-4781-AD7C-CDA554E55345}.Release|Any CPU.ActiveCfg = Release|Any CPU
		{D60346D2-153E-4781-AD7C-CDA554E55345}.Release|Any CPU.Build.0 = Release|Any CPU
		{0C91F924-6EA2-42B5-B8F1-9B0271F69F86}.Debug|Any CPU.ActiveCfg = Debug|Any CPU
		{0C91F924-6EA2-42B5-B8F1-9B0271F69F86}.Debug|Any CPU.Build.0 = Debug|Any CPU
		{0C91F924-6EA2-42B5-B8F1-9B0271F69F86}.Release_Experimental|Any CPU.ActiveCfg = Release_Experimental|Any CPU
		{0C91F924-6EA2-42B5-B8F1-9B0271F69F86}.Release_Experimental|Any CPU.Build.0 = Release_Experimental|Any CPU
		{0C91F924-6EA2-42B5-B8F1-9B0271F69F86}.Release|Any CPU.ActiveCfg = Release|Any CPU
		{0C91F924-6EA2-42B5-B8F1-9B0271F69F86}.Release|Any CPU.Build.0 = Release|Any CPU
		{5790C1A1-E581-4B05-A547-04BFB8227DAA}.Debug|Any CPU.ActiveCfg = Debug|Any CPU
		{5790C1A1-E581-4B05-A547-04BFB8227DAA}.Debug|Any CPU.Build.0 = Debug|Any CPU
		{5790C1A1-E581-4B05-A547-04BFB8227DAA}.Release_Experimental|Any CPU.ActiveCfg = Release_Experimental|Any CPU
		{5790C1A1-E581-4B05-A547-04BFB8227DAA}.Release_Experimental|Any CPU.Build.0 = Release_Experimental|Any CPU
		{5790C1A1-E581-4B05-A547-04BFB8227DAA}.Release|Any CPU.ActiveCfg = Release|Any CPU
		{5790C1A1-E581-4B05-A547-04BFB8227DAA}.Release|Any CPU.Build.0 = Release|Any CPU
		{57B69EF4-5D37-4A6D-AA41-068CA48A1A29}.Debug|Any CPU.ActiveCfg = Debug|Any CPU
		{57B69EF4-5D37-4A6D-AA41-068CA48A1A29}.Debug|Any CPU.Build.0 = Debug|Any CPU
		{57B69EF4-5D37-4A6D-AA41-068CA48A1A29}.Release_Experimental|Any CPU.ActiveCfg = Release_Experimental|Any CPU
		{57B69EF4-5D37-4A6D-AA41-068CA48A1A29}.Release_Experimental|Any CPU.Build.0 = Release_Experimental|Any CPU
		{57B69EF4-5D37-4A6D-AA41-068CA48A1A29}.Release|Any CPU.ActiveCfg = Release|Any CPU
		{57B69EF4-5D37-4A6D-AA41-068CA48A1A29}.Release|Any CPU.Build.0 = Release|Any CPU
		{1A47BFE6-2026-40F7-9375-93C2F73B30C3}.Debug|Any CPU.ActiveCfg = Debug|Any CPU
		{1A47BFE6-2026-40F7-9375-93C2F73B30C3}.Debug|Any CPU.Build.0 = Debug|Any CPU
		{1A47BFE6-2026-40F7-9375-93C2F73B30C3}.Release_Experimental|Any CPU.ActiveCfg = Release_Experimental|Any CPU
		{1A47BFE6-2026-40F7-9375-93C2F73B30C3}.Release_Experimental|Any CPU.Build.0 = Release_Experimental|Any CPU
		{1A47BFE6-2026-40F7-9375-93C2F73B30C3}.Release|Any CPU.ActiveCfg = Release|Any CPU
		{1A47BFE6-2026-40F7-9375-93C2F73B30C3}.Release|Any CPU.Build.0 = Release|Any CPU
		{995B45FE-904E-45BE-95EB-78B0B5BA5C7C}.Debug|Any CPU.ActiveCfg = Debug|Any CPU
		{995B45FE-904E-45BE-95EB-78B0B5BA5C7C}.Debug|Any CPU.Build.0 = Debug|Any CPU
		{995B45FE-904E-45BE-95EB-78B0B5BA5C7C}.Release_Experimental|Any CPU.ActiveCfg = Release_Experimental|Any CPU
		{995B45FE-904E-45BE-95EB-78B0B5BA5C7C}.Release_Experimental|Any CPU.Build.0 = Release_Experimental|Any CPU
		{995B45FE-904E-45BE-95EB-78B0B5BA5C7C}.Release|Any CPU.ActiveCfg = Release|Any CPU
		{995B45FE-904E-45BE-95EB-78B0B5BA5C7C}.Release|Any CPU.Build.0 = Release|Any CPU
		{8CFF025A-1229-471A-8C8C-8CCC3B151014}.Debug|Any CPU.ActiveCfg = Debug|Any CPU
		{8CFF025A-1229-471A-8C8C-8CCC3B151014}.Debug|Any CPU.Build.0 = Debug|Any CPU
		{8CFF025A-1229-471A-8C8C-8CCC3B151014}.Release_Experimental|Any CPU.ActiveCfg = Release_Experimental|Any CPU
		{8CFF025A-1229-471A-8C8C-8CCC3B151014}.Release_Experimental|Any CPU.Build.0 = Release_Experimental|Any CPU
		{8CFF025A-1229-471A-8C8C-8CCC3B151014}.Release|Any CPU.ActiveCfg = Release|Any CPU
		{8CFF025A-1229-471A-8C8C-8CCC3B151014}.Release|Any CPU.Build.0 = Release|Any CPU
		{F1806C3A-A167-40CA-A9D5-A6EF91CFB2EB}.Debug|Any CPU.ActiveCfg = Debug|Any CPU
		{F1806C3A-A167-40CA-A9D5-A6EF91CFB2EB}.Debug|Any CPU.Build.0 = Debug|Any CPU
		{F1806C3A-A167-40CA-A9D5-A6EF91CFB2EB}.Release_Experimental|Any CPU.ActiveCfg = Release_Experimental|Any CPU
		{F1806C3A-A167-40CA-A9D5-A6EF91CFB2EB}.Release_Experimental|Any CPU.Build.0 = Release_Experimental|Any CPU
		{F1806C3A-A167-40CA-A9D5-A6EF91CFB2EB}.Release|Any CPU.ActiveCfg = Release|Any CPU
		{F1806C3A-A167-40CA-A9D5-A6EF91CFB2EB}.Release|Any CPU.Build.0 = Release|Any CPU
		{D2D6D1F5-E1BE-40D6-A7EF-E9FC364D6587}.Debug|Any CPU.ActiveCfg = Debug|Any CPU
		{D2D6D1F5-E1BE-40D6-A7EF-E9FC364D6587}.Debug|Any CPU.Build.0 = Debug|Any CPU
		{D2D6D1F5-E1BE-40D6-A7EF-E9FC364D6587}.Release_Experimental|Any CPU.ActiveCfg = Release_Experimental|Any CPU
		{D2D6D1F5-E1BE-40D6-A7EF-E9FC364D6587}.Release_Experimental|Any CPU.Build.0 = Release_Experimental|Any CPU
		{D2D6D1F5-E1BE-40D6-A7EF-E9FC364D6587}.Release|Any CPU.ActiveCfg = Release|Any CPU
		{D2D6D1F5-E1BE-40D6-A7EF-E9FC364D6587}.Release|Any CPU.Build.0 = Release|Any CPU
		{D5CEBC6B-F1AF-4D80-ADF3-FEFF574CDA6C}.Debug|Any CPU.ActiveCfg = Debug|Any CPU
		{D5CEBC6B-F1AF-4D80-ADF3-FEFF574CDA6C}.Debug|Any CPU.Build.0 = Debug|Any CPU
		{D5CEBC6B-F1AF-4D80-ADF3-FEFF574CDA6C}.Release_Experimental|Any CPU.ActiveCfg = Release_Experimental|Any CPU
		{D5CEBC6B-F1AF-4D80-ADF3-FEFF574CDA6C}.Release_Experimental|Any CPU.Build.0 = Release_Experimental|Any CPU
		{D5CEBC6B-F1AF-4D80-ADF3-FEFF574CDA6C}.Release|Any CPU.ActiveCfg = Release|Any CPU
		{D5CEBC6B-F1AF-4D80-ADF3-FEFF574CDA6C}.Release|Any CPU.Build.0 = Release|Any CPU
		{1B564F94-2216-4010-8CB7-98B47AB8379D}.Debug|Any CPU.ActiveCfg = Debug|Any CPU
		{1B564F94-2216-4010-8CB7-98B47AB8379D}.Debug|Any CPU.Build.0 = Debug|Any CPU
		{1B564F94-2216-4010-8CB7-98B47AB8379D}.Release_Experimental|Any CPU.ActiveCfg = Release_Experimental|Any CPU
		{1B564F94-2216-4010-8CB7-98B47AB8379D}.Release_Experimental|Any CPU.Build.0 = Release_Experimental|Any CPU
		{1B564F94-2216-4010-8CB7-98B47AB8379D}.Release|Any CPU.ActiveCfg = Release|Any CPU
		{1B564F94-2216-4010-8CB7-98B47AB8379D}.Release|Any CPU.Build.0 = Release|Any CPU
		{0A405468-D2F9-4519-86D0-62359991EF0C}.Debug|Any CPU.ActiveCfg = Debug|Any CPU
		{0A405468-D2F9-4519-86D0-62359991EF0C}.Debug|Any CPU.Build.0 = Debug|Any CPU
		{0A405468-D2F9-4519-86D0-62359991EF0C}.Release_Experimental|Any CPU.ActiveCfg = Release|Any CPU
		{0A405468-D2F9-4519-86D0-62359991EF0C}.Release|Any CPU.ActiveCfg = Release|Any CPU
		{0A405468-D2F9-4519-86D0-62359991EF0C}.Release|Any CPU.Build.0 = Release|Any CPU
		{7A4323FF-BBA2-4930-8965-38848E0F6047}.Debug|Any CPU.ActiveCfg = Debug|Any CPU
		{7A4323FF-BBA2-4930-8965-38848E0F6047}.Debug|Any CPU.Build.0 = Debug|Any CPU
		{7A4323FF-BBA2-4930-8965-38848E0F6047}.Release_Experimental|Any CPU.ActiveCfg = Release_Experimental|Any CPU
		{7A4323FF-BBA2-4930-8965-38848E0F6047}.Release_Experimental|Any CPU.Build.0 = Release_Experimental|Any CPU
		{7A4323FF-BBA2-4930-8965-38848E0F6047}.Release|Any CPU.ActiveCfg = Release|Any CPU
		{7A4323FF-BBA2-4930-8965-38848E0F6047}.Release|Any CPU.Build.0 = Release|Any CPU
		{CFD4BCFF-47D1-41C2-929D-A71DCAE074E6}.Debug|Any CPU.ActiveCfg = Debug|Any CPU
		{CFD4BCFF-47D1-41C2-929D-A71DCAE074E6}.Debug|Any CPU.Build.0 = Debug|Any CPU
		{CFD4BCFF-47D1-41C2-929D-A71DCAE074E6}.Release_Experimental|Any CPU.ActiveCfg = Release_Experimental|Any CPU
		{CFD4BCFF-47D1-41C2-929D-A71DCAE074E6}.Release_Experimental|Any CPU.Build.0 = Release_Experimental|Any CPU
		{CFD4BCFF-47D1-41C2-929D-A71DCAE074E6}.Release|Any CPU.ActiveCfg = Release|Any CPU
		{CFD4BCFF-47D1-41C2-929D-A71DCAE074E6}.Release|Any CPU.Build.0 = Release|Any CPU
		{1BD6134E-4451-4018-AAF3-D66D8BDE9183}.Debug|Any CPU.ActiveCfg = Debug|Any CPU
		{1BD6134E-4451-4018-AAF3-D66D8BDE9183}.Debug|Any CPU.Build.0 = Debug|Any CPU
		{1BD6134E-4451-4018-AAF3-D66D8BDE9183}.Release_Experimental|Any CPU.ActiveCfg = Release_Experimental|Any CPU
		{1BD6134E-4451-4018-AAF3-D66D8BDE9183}.Release_Experimental|Any CPU.Build.0 = Release_Experimental|Any CPU
		{1BD6134E-4451-4018-AAF3-D66D8BDE9183}.Release|Any CPU.ActiveCfg = Release|Any CPU
		{1BD6134E-4451-4018-AAF3-D66D8BDE9183}.Release|Any CPU.Build.0 = Release|Any CPU
		{21654894-D52B-4331-9374-37A1EC126044}.Debug|Any CPU.ActiveCfg = Debug|Any CPU
		{21654894-D52B-4331-9374-37A1EC126044}.Debug|Any CPU.Build.0 = Debug|Any CPU
		{21654894-D52B-4331-9374-37A1EC126044}.Release_Experimental|Any CPU.ActiveCfg = Release_Experimental|Any CPU
		{21654894-D52B-4331-9374-37A1EC126044}.Release_Experimental|Any CPU.Build.0 = Release_Experimental|Any CPU
		{21654894-D52B-4331-9374-37A1EC126044}.Release|Any CPU.ActiveCfg = Release|Any CPU
		{21654894-D52B-4331-9374-37A1EC126044}.Release|Any CPU.Build.0 = Release|Any CPU
		{BF47EBCD-CFBA-4DDF-8AF2-D52CD9EF34A8}.Debug|Any CPU.ActiveCfg = Debug|Any CPU
		{BF47EBCD-CFBA-4DDF-8AF2-D52CD9EF34A8}.Debug|Any CPU.Build.0 = Debug|Any CPU
		{BF47EBCD-CFBA-4DDF-8AF2-D52CD9EF34A8}.Release_Experimental|Any CPU.ActiveCfg = Release_Experimental|Any CPU
		{BF47EBCD-CFBA-4DDF-8AF2-D52CD9EF34A8}.Release_Experimental|Any CPU.Build.0 = Release_Experimental|Any CPU
		{BF47EBCD-CFBA-4DDF-8AF2-D52CD9EF34A8}.Release|Any CPU.ActiveCfg = Release|Any CPU
		{BF47EBCD-CFBA-4DDF-8AF2-D52CD9EF34A8}.Release|Any CPU.Build.0 = Release|Any CPU
		{2B3E2AF9-752F-469C-8A42-0DC1D7F1B6B3}.Debug|Any CPU.ActiveCfg = Debug|Any CPU
		{2B3E2AF9-752F-469C-8A42-0DC1D7F1B6B3}.Debug|Any CPU.Build.0 = Debug|Any CPU
		{2B3E2AF9-752F-469C-8A42-0DC1D7F1B6B3}.Release_Experimental|Any CPU.ActiveCfg = Release_Experimental|Any CPU
		{2B3E2AF9-752F-469C-8A42-0DC1D7F1B6B3}.Release_Experimental|Any CPU.Build.0 = Release_Experimental|Any CPU
		{2B3E2AF9-752F-469C-8A42-0DC1D7F1B6B3}.Release|Any CPU.ActiveCfg = Release|Any CPU
		{2B3E2AF9-752F-469C-8A42-0DC1D7F1B6B3}.Release|Any CPU.Build.0 = Release|Any CPU
	EndGlobalSection
	GlobalSection(SolutionProperties) = preSolution
		HideSolutionNode = FALSE
	EndGlobalSection
	GlobalSection(NestedProjects) = preSolution
		{5790C1A1-E581-4B05-A547-04BFB8227DAA} = {FB185AFB-3991-43C8-B87E-0EE69CE5EFC7}
		{57B69EF4-5D37-4A6D-AA41-068CA48A1A29} = {FB185AFB-3991-43C8-B87E-0EE69CE5EFC7}
		{1BD6134E-4451-4018-AAF3-D66D8BDE9183} = {FB185AFB-3991-43C8-B87E-0EE69CE5EFC7}
	EndGlobalSection
	GlobalSection(ExtensibilityGlobals) = postSolution
		SolutionGuid = {BF9E786F-6811-4E4E-84A4-6ED6DF43701E}
	EndGlobalSection
EndGlobal
